// !$*UTF8*$!
{
	archiveVersion = 1;
	classes = {
	};
	objectVersion = 77;
	objects = {

/* Begin PBXBuildFile section */
		039DD69AA5C0FCA399B3BCB2 /* CardsListView.swift in Sources */ = {isa = PBXBuildFile; fileRef = 4849B8D898E0BCA5FD55E098 /* CardsListView.swift */; };
		08223BF4C8AB050A17658B2D /* DashboardView.swift in Sources */ = {isa = PBXBuildFile; fileRef = 8FD5BA216811F19076FAE16D /* DashboardView.swift */; };
		0D577371AAE11AE28EB280AA /* CreditPull.swift in Sources */ = {isa = PBXBuildFile; fileRef = 2FFDA50DEF1486D4532E43F0 /* CreditPull.swift */; };
		1B4020A6A52E69628215CFB4 /* MainTabView.swift in Sources */ = {isa = PBXBuildFile; fileRef = 1FD20F3FA4782B418A9FB1F1 /* MainTabView.swift */; };
		1C4B42C3DCE41777BED3061B /* IssuerRules.swift in Sources */ = {isa = PBXBuildFile; fileRef = 3BF539B03EF91C70EA3FA599 /* IssuerRules.swift */; };
		26CD273902FC07A5B327FAB8 /* CloudDataManager.swift in Sources */ = {isa = PBXBuildFile; fileRef = 7776B793B4D63EB450DECFAA /* CloudDataManager.swift */; };
		2A7B79135D723DD749280DAA /* ImportView.swift in Sources */ = {isa = PBXBuildFile; fileRef = 3C10545A08B7C35A5BA3F7F0 /* ImportView.swift */; };
		2F4FD766C4B1D879D7F36C86 /* IssuerRulesView.swift in Sources */ = {isa = PBXBuildFile; fileRef = 1DBC8E834BEFA65BE89CC2A3 /* IssuerRulesView.swift */; };
		3274249ED2B84048C90751FD /* FeesView.swift in Sources */ = {isa = PBXBuildFile; fileRef = C3AF5F948859E630A5230DF1 /* FeesView.swift */; };
		466F606F4ABC71EC4952A893 /* SettingsView.swift in Sources */ = {isa = PBXBuildFile; fileRef = 83E119C8640953278A956D5C /* SettingsView.swift */; };
		47AF8DD5C027A25984DD71FE /* Card.swift in Sources */ = {isa = PBXBuildFile; fileRef = B06754F5CE2023B6AA9277FB /* Card.swift */; };
		4DC7F425C054596DEF9386C8 /* PayoffView.swift in Sources */ = {isa = PBXBuildFile; fileRef = 2139C888E73E4728D5513F4F /* PayoffView.swift */; };
		5EF4498742748386298D9E76 /* AnthropicService.swift in Sources */ = {isa = PBXBuildFile; fileRef = 5D91B24969602120EE8929F2 /* AnthropicService.swift */; };
		6270600FB13F5017880F9C83 /* KeychainService.swift in Sources */ = {isa = PBXBuildFile; fileRef = C71A2816DFFCC5A954E64C40 /* KeychainService.swift */; };
		6AB289A968E0516D985876EA /* AddCardView.swift in Sources */ = {isa = PBXBuildFile; fileRef = 26864E5B771EBFA5AB23C51F /* AddCardView.swift */; };
		6CB9E36959A606E44B26C74D /* ColorTheme.swift in Sources */ = {isa = PBXBuildFile; fileRef = 94789777AD442A4670AE4364 /* ColorTheme.swift */; };
		7083CA6D2BE217E2F81B4BE2 /* Assets.xcassets in Resources */ = {isa = PBXBuildFile; fileRef = 35A6E6E433AEE40023C03B7A /* Assets.xcassets */; };
		79F3DC5E318A0DB68DA03B6B /* CardAnalysisView.swift in Sources */ = {isa = PBXBuildFile; fileRef = C28AC6ADBBD494E30816C7ED /* CardAnalysisView.swift */; };
		7ECB7BEF642140F15440405D /* Formatters.swift in Sources */ = {isa = PBXBuildFile; fileRef = 77089114B08ADFA213767789 /* Formatters.swift */; };
		8DA60A627F3F24A7730838C9 /* DowngradePaths.swift in Sources */ = {isa = PBXBuildFile; fileRef = 2251D3054428EA0EA0404440 /* DowngradePaths.swift */; };
		971EFC0C95F4832659D9D8F7 /* CardDetailView.swift in Sources */ = {isa = PBXBuildFile; fileRef = FBA5235D24F513526EEAAC7A /* CardDetailView.swift */; };
		9F1D17617A9AE5DF63D86DD8 /* DataStore.swift in Sources */ = {isa = PBXBuildFile; fileRef = 6406FC5D03AE5A3680062E53 /* DataStore.swift */; };
		A687E29B38B4AED7C924FCCF /* CreditPullsView.swift in Sources */ = {isa = PBXBuildFile; fileRef = 511385504E4D128B79E8B35F /* CreditPullsView.swift */; };
		AA5035F2FE56ABD781728251 /* StrategyView.swift in Sources */ = {isa = PBXBuildFile; fileRef = 70C6F0D7E19ABE13B36C92E0 /* StrategyView.swift */; };
		B1442FB8A2FB639A784BA847 /* ApplicationsView.swift in Sources */ = {isa = PBXBuildFile; fileRef = 81018AF628105A77C13820AD /* ApplicationsView.swift */; };
		BA224A9C96B646507E02D958 /* CardFlowData.swift in Sources */ = {isa = PBXBuildFile; fileRef = C723E5E5A42ED713DC9F2370 /* CardFlowData.swift */; };
		C32D0A3689C4329B9D65289C /* Application.swift in Sources */ = {isa = PBXBuildFile; fileRef = CE4C842ACB7FAB34F1BDA06A /* Application.swift */; };
		E94D76583D3E740C55B3836E /* CardFlowApp.swift in Sources */ = {isa = PBXBuildFile; fileRef = B446C09A4E9B91AF7DE7314A /* CardFlowApp.swift */; };
		EB9156AB999BB60B8ABF60F1 /* PointsView.swift in Sources */ = {isa = PBXBuildFile; fileRef = A6A3B6A53C56087A91B8DE7D /* PointsView.swift */; };
		F75ED180D51F1790E212033D /* PopularCards.swift in Sources */ = {isa = PBXBuildFile; fileRef = 1C7DECD9C75FEB7CCB055374 /* PopularCards.swift */; };
		FD97E8EE76B1EBBCDB9B111C /* CompanionPass.swift in Sources */ = {isa = PBXBuildFile; fileRef = 3614C796A9676E7469812FD4 /* CompanionPass.swift */; };
/* End PBXBuildFile section */

/* Begin PBXFileReference section */
		019BE263C2A255B787E01BA8 /* Info.plist */ = {isa = PBXFileReference; lastKnownFileType = text.plist; path = Info.plist; sourceTree = "<group>"; };
		1C7DECD9C75FEB7CCB055374 /* PopularCards.swift */ = {isa = PBXFileReference; lastKnownFileType = sourcecode.swift; path = PopularCards.swift; sourceTree = "<group>"; };
		1DBC8E834BEFA65BE89CC2A3 /* IssuerRulesView.swift */ = {isa = PBXFileReference; lastKnownFileType = sourcecode.swift; path = IssuerRulesView.swift; sourceTree = "<group>"; };
		1FD20F3FA4782B418A9FB1F1 /* MainTabView.swift */ = {isa = PBXFileReference; lastKnownFileType = sourcecode.swift; path = MainTabView.swift; sourceTree = "<group>"; };
		2139C888E73E4728D5513F4F /* PayoffView.swift */ = {isa = PBXFileReference; lastKnownFileType = sourcecode.swift; path = PayoffView.swift; sourceTree = "<group>"; };
		2251D3054428EA0EA0404440 /* DowngradePaths.swift */ = {isa = PBXFileReference; lastKnownFileType = sourcecode.swift; path = DowngradePaths.swift; sourceTree = "<group>"; };
		26864E5B771EBFA5AB23C51F /* AddCardView.swift */ = {isa = PBXFileReference; lastKnownFileType = sourcecode.swift; path = AddCardView.swift; sourceTree = "<group>"; };
		2FFDA50DEF1486D4532E43F0 /* CreditPull.swift */ = {isa = PBXFileReference; lastKnownFileType = sourcecode.swift; path = CreditPull.swift; sourceTree = "<group>"; };
		35A6E6E433AEE40023C03B7A /* Assets.xcassets */ = {isa = PBXFileReference; lastKnownFileType = folder.assetcatalog; path = Assets.xcassets; sourceTree = "<group>"; };
		3614C796A9676E7469812FD4 /* CompanionPass.swift */ = {isa = PBXFileReference; lastKnownFileType = sourcecode.swift; path = CompanionPass.swift; sourceTree = "<group>"; };
		3BF539B03EF91C70EA3FA599 /* IssuerRules.swift */ = {isa = PBXFileReference; lastKnownFileType = sourcecode.swift; path = IssuerRules.swift; sourceTree = "<group>"; };
		3C10545A08B7C35A5BA3F7F0 /* ImportView.swift */ = {isa = PBXFileReference; lastKnownFileType = sourcecode.swift; path = ImportView.swift; sourceTree = "<group>"; };
		4849B8D898E0BCA5FD55E098 /* CardsListView.swift */ = {isa = PBXFileReference; lastKnownFileType = sourcecode.swift; path = CardsListView.swift; sourceTree = "<group>"; };
		511385504E4D128B79E8B35F /* CreditPullsView.swift */ = {isa = PBXFileReference; lastKnownFileType = sourcecode.swift; path = CreditPullsView.swift; sourceTree = "<group>"; };
		5D91B24969602120EE8929F2 /* AnthropicService.swift */ = {isa = PBXFileReference; lastKnownFileType = sourcecode.swift; path = AnthropicService.swift; sourceTree = "<group>"; };
		6406FC5D03AE5A3680062E53 /* DataStore.swift */ = {isa = PBXFileReference; lastKnownFileType = sourcecode.swift; path = DataStore.swift; sourceTree = "<group>"; };
		70C6F0D7E19ABE13B36C92E0 /* StrategyView.swift */ = {isa = PBXFileReference; lastKnownFileType = sourcecode.swift; path = StrategyView.swift; sourceTree = "<group>"; };
		77089114B08ADFA213767789 /* Formatters.swift */ = {isa = PBXFileReference; lastKnownFileType = sourcecode.swift; path = Formatters.swift; sourceTree = "<group>"; };
		7776B793B4D63EB450DECFAA /* CloudDataManager.swift */ = {isa = PBXFileReference; lastKnownFileType = sourcecode.swift; path = CloudDataManager.swift; sourceTree = "<group>"; };
		81018AF628105A77C13820AD /* ApplicationsView.swift */ = {isa = PBXFileReference; lastKnownFileType = sourcecode.swift; path = ApplicationsView.swift; sourceTree = "<group>"; };
		8120E4952DB9EC680E7627A2 /* CardFlow.app */ = {isa = PBXFileReference; includeInIndex = 0; lastKnownFileType = wrapper.application; path = CardFlow.app; sourceTree = BUILT_PRODUCTS_DIR; };
		83E119C8640953278A956D5C /* SettingsView.swift */ = {isa = PBXFileReference; lastKnownFileType = sourcecode.swift; path = SettingsView.swift; sourceTree = "<group>"; };
		895AD64DD6B5977390BF4F07 /* CardFlow.entitlements */ = {isa = PBXFileReference; lastKnownFileType = text.plist.entitlements; path = CardFlow.entitlements; sourceTree = "<group>"; };
		8FD5BA216811F19076FAE16D /* DashboardView.swift */ = {isa = PBXFileReference; lastKnownFileType = sourcecode.swift; path = DashboardView.swift; sourceTree = "<group>"; };
		94789777AD442A4670AE4364 /* ColorTheme.swift */ = {isa = PBXFileReference; lastKnownFileType = sourcecode.swift; path = ColorTheme.swift; sourceTree = "<group>"; };
		A6A3B6A53C56087A91B8DE7D /* PointsView.swift */ = {isa = PBXFileReference; lastKnownFileType = sourcecode.swift; path = PointsView.swift; sourceTree = "<group>"; };
		B06754F5CE2023B6AA9277FB /* Card.swift */ = {isa = PBXFileReference; lastKnownFileType = sourcecode.swift; path = Card.swift; sourceTree = "<group>"; };
		B446C09A4E9B91AF7DE7314A /* CardFlowApp.swift */ = {isa = PBXFileReference; lastKnownFileType = sourcecode.swift; path = CardFlowApp.swift; sourceTree = "<group>"; };
		C28AC6ADBBD494E30816C7ED /* CardAnalysisView.swift */ = {isa = PBXFileReference; lastKnownFileType = sourcecode.swift; path = CardAnalysisView.swift; sourceTree = "<group>"; };
		C3AF5F948859E630A5230DF1 /* FeesView.swift */ = {isa = PBXFileReference; lastKnownFileType = sourcecode.swift; path = FeesView.swift; sourceTree = "<group>"; };
		C71A2816DFFCC5A954E64C40 /* KeychainService.swift */ = {isa = PBXFileReference; lastKnownFileType = sourcecode.swift; path = KeychainService.swift; sourceTree = "<group>"; };
		C723E5E5A42ED713DC9F2370 /* CardFlowData.swift */ = {isa = PBXFileReference; lastKnownFileType = sourcecode.swift; path = CardFlowData.swift; sourceTree = "<group>"; };
		CE4C842ACB7FAB34F1BDA06A /* Application.swift */ = {isa = PBXFileReference; lastKnownFileType = sourcecode.swift; path = Application.swift; sourceTree = "<group>"; };
		FBA5235D24F513526EEAAC7A /* CardDetailView.swift */ = {isa = PBXFileReference; lastKnownFileType = sourcecode.swift; path = CardDetailView.swift; sourceTree = "<group>"; };
/* End PBXFileReference section */

/* Begin PBXGroup section */
		00A86847862ACF8EB018CB48 /* ViewModels */ = {
			isa = PBXGroup;
			children = (
				6406FC5D03AE5A3680062E53 /* DataStore.swift */,
			);
			path = ViewModels;
			sourceTree = "<group>";
		};
		0D9DB135781E304C8007F9F7 /* Strategy */ = {
			isa = PBXGroup;
			children = (
				C28AC6ADBBD494E30816C7ED /* CardAnalysisView.swift */,
				70C6F0D7E19ABE13B36C92E0 /* StrategyView.swift */,
			);
			path = Strategy;
			sourceTree = "<group>";
		};
		1786255C8CF32D8B35AB225B /* Utilities */ = {
			isa = PBXGroup;
			children = (
				94789777AD442A4670AE4364 /* ColorTheme.swift */,
				77089114B08ADFA213767789 /* Formatters.swift */,
			);
			path = Utilities;
			sourceTree = "<group>";
		};
		22715B7B0F764C194BA780F3 /* Import */ = {
			isa = PBXGroup;
			children = (
				3C10545A08B7C35A5BA3F7F0 /* ImportView.swift */,
			);
			path = Import;
			sourceTree = "<group>";
		};
		2DD9ABF58899C177313F496F /* Services */ = {
			isa = PBXGroup;
			children = (
				5D91B24969602120EE8929F2 /* AnthropicService.swift */,
				7776B793B4D63EB450DECFAA /* CloudDataManager.swift */,
				C71A2816DFFCC5A954E64C40 /* KeychainService.swift */,
			);
			path = Services;
			sourceTree = "<group>";
		};
		4171FC9735442FBF971BDB96 /* Fees */ = {
			isa = PBXGroup;
			children = (
				C3AF5F948859E630A5230DF1 /* FeesView.swift */,
			);
			path = Fees;
			sourceTree = "<group>";
		};
		63926E120EC6FEBAD36CF0B9 /* Points */ = {
			isa = PBXGroup;
			children = (
				A6A3B6A53C56087A91B8DE7D /* PointsView.swift */,
			);
			path = Points;
			sourceTree = "<group>";
		};
		67CACC74A8FAB330C8D9635C /* Products */ = {
			isa = PBXGroup;
			children = (
				8120E4952DB9EC680E7627A2 /* CardFlow.app */,
			);
			name = Products;
			sourceTree = "<group>";
		};
		7AA180DCD390A7C24D0601FC /* Applications */ = {
			isa = PBXGroup;
			children = (
				81018AF628105A77C13820AD /* ApplicationsView.swift */,
				511385504E4D128B79E8B35F /* CreditPullsView.swift */,
				1DBC8E834BEFA65BE89CC2A3 /* IssuerRulesView.swift */,
			);
			path = Applications;
			sourceTree = "<group>";
		};
		8959C9575E85416ABA3386CB /* Views */ = {
			isa = PBXGroup;
			children = (
				1FD20F3FA4782B418A9FB1F1 /* MainTabView.swift */,
				7AA180DCD390A7C24D0601FC /* Applications */,
				CF54FB20733F9F8668FA798E /* Cards */,
				C61ABCFF00F7FB495E9658BC /* Dashboard */,
				4171FC9735442FBF971BDB96 /* Fees */,
				22715B7B0F764C194BA780F3 /* Import */,
				AEE59DA4EAC6044C1431FA89 /* Payoff */,
				63926E120EC6FEBAD36CF0B9 /* Points */,
				8B48311C68582F880961C88E /* Settings */,
				0D9DB135781E304C8007F9F7 /* Strategy */,
			);
			path = Views;
			sourceTree = "<group>";
		};
		8B48311C68582F880961C88E /* Settings */ = {
			isa = PBXGroup;
			children = (
				83E119C8640953278A956D5C /* SettingsView.swift */,
			);
			path = Settings;
			sourceTree = "<group>";
		};
		AEE59DA4EAC6044C1431FA89 /* Payoff */ = {
			isa = PBXGroup;
			children = (
				2139C888E73E4728D5513F4F /* PayoffView.swift */,
			);
			path = Payoff;
			sourceTree = "<group>";
		};
		B806F7CC65D36AB326B2AD4B /* CardFlow */ = {
			isa = PBXGroup;
			children = (
				35A6E6E433AEE40023C03B7A /* Assets.xcassets */,
				895AD64DD6B5977390BF4F07 /* CardFlow.entitlements */,
				B446C09A4E9B91AF7DE7314A /* CardFlowApp.swift */,
				019BE263C2A255B787E01BA8 /* Info.plist */,
				CF17607050C55300CE0B0C5C /* Models */,
				2DD9ABF58899C177313F496F /* Services */,
				1786255C8CF32D8B35AB225B /* Utilities */,
				00A86847862ACF8EB018CB48 /* ViewModels */,
				8959C9575E85416ABA3386CB /* Views */,
			);
			path = CardFlow;
			sourceTree = "<group>";
		};
		C61ABCFF00F7FB495E9658BC /* Dashboard */ = {
			isa = PBXGroup;
			children = (
				8FD5BA216811F19076FAE16D /* DashboardView.swift */,
			);
			path = Dashboard;
			sourceTree = "<group>";
		};
		CF17607050C55300CE0B0C5C /* Models */ = {
			isa = PBXGroup;
			children = (
				CE4C842ACB7FAB34F1BDA06A /* Application.swift */,
				B06754F5CE2023B6AA9277FB /* Card.swift */,
				C723E5E5A42ED713DC9F2370 /* CardFlowData.swift */,
				3614C796A9676E7469812FD4 /* CompanionPass.swift */,
				2FFDA50DEF1486D4532E43F0 /* CreditPull.swift */,
				2251D3054428EA0EA0404440 /* DowngradePaths.swift */,
				3BF539B03EF91C70EA3FA599 /* IssuerRules.swift */,
				1C7DECD9C75FEB7CCB055374 /* PopularCards.swift */,
			);
			path = Models;
			sourceTree = "<group>";
		};
		CF54FB20733F9F8668FA798E /* Cards */ = {
			isa = PBXGroup;
			children = (
				26864E5B771EBFA5AB23C51F /* AddCardView.swift */,
				FBA5235D24F513526EEAAC7A /* CardDetailView.swift */,
				4849B8D898E0BCA5FD55E098 /* CardsListView.swift */,
			);
			path = Cards;
			sourceTree = "<group>";
		};
		D82A56E2F0441B6B80AB222C = {
			isa = PBXGroup;
			children = (
				B806F7CC65D36AB326B2AD4B /* CardFlow */,
				67CACC74A8FAB330C8D9635C /* Products */,
			);
			sourceTree = "<group>";
		};
/* End PBXGroup section */

/* Begin PBXNativeTarget section */
		01E4C278EA9DB8AB3CBE0F6E /* CardFlow */ = {
			isa = PBXNativeTarget;
			buildConfigurationList = 0798B12B754BD32B0A9A07E9 /* Build configuration list for PBXNativeTarget "CardFlow" */;
			buildPhases = (
				2B0B8C69265E3D6701ECF808 /* Sources */,
				96E85E2494CCAF19979AE44E /* Resources */,
			);
			buildRules = (
			);
			dependencies = (
			);
			name = CardFlow;
			packageProductDependencies = (
			);
			productName = CardFlow;
			productReference = 8120E4952DB9EC680E7627A2 /* CardFlow.app */;
			productType = "com.apple.product-type.application";
		};
/* End PBXNativeTarget section */

/* Begin PBXProject section */
		52EB0088681D87E8DA623D0B /* Project object */ = {
			isa = PBXProject;
			attributes = {
				BuildIndependentTargetsInParallel = YES;
				LastUpgradeCheck = 1500;
				TargetAttributes = {
					01E4C278EA9DB8AB3CBE0F6E = {
						DevelopmentTeam = JLV37S2CYD;
					};
				};
			};
			buildConfigurationList = AFC8F2BA18CEE7AE5D5B7EC5 /* Build configuration list for PBXProject "CardFlow" */;
			compatibilityVersion = "Xcode 14.0";
			developmentRegion = en;
			hasScannedForEncodings = 0;
			knownRegions = (
				Base,
				en,
			);
			mainGroup = D82A56E2F0441B6B80AB222C;
			minimizedProjectReferenceProxies = 1;
			preferredProjectObjectVersion = 77;
			projectDirPath = "";
			projectRoot = "";
			targets = (
				01E4C278EA9DB8AB3CBE0F6E /* CardFlow */,
			);
		};
/* End PBXProject section */

/* Begin PBXResourcesBuildPhase section */
		96E85E2494CCAF19979AE44E /* Resources */ = {
			isa = PBXResourcesBuildPhase;
			buildActionMask = 2147483647;
			files = (
				7083CA6D2BE217E2F81B4BE2 /* Assets.xcassets in Resources */,
			);
			runOnlyForDeploymentPostprocessing = 0;
		};
/* End PBXResourcesBuildPhase section */

/* Begin PBXSourcesBuildPhase section */
		2B0B8C69265E3D6701ECF808 /* Sources */ = {
			isa = PBXSourcesBuildPhase;
			buildActionMask = 2147483647;
			files = (
				6AB289A968E0516D985876EA /* AddCardView.swift in Sources */,
				5EF4498742748386298D9E76 /* AnthropicService.swift in Sources */,
				C32D0A3689C4329B9D65289C /* Application.swift in Sources */,
				B1442FB8A2FB639A784BA847 /* ApplicationsView.swift in Sources */,
				47AF8DD5C027A25984DD71FE /* Card.swift in Sources */,
				79F3DC5E318A0DB68DA03B6B /* CardAnalysisView.swift in Sources */,
				971EFC0C95F4832659D9D8F7 /* CardDetailView.swift in Sources */,
				E94D76583D3E740C55B3836E /* CardFlowApp.swift in Sources */,
				BA224A9C96B646507E02D958 /* CardFlowData.swift in Sources */,
				039DD69AA5C0FCA399B3BCB2 /* CardsListView.swift in Sources */,
				26CD273902FC07A5B327FAB8 /* CloudDataManager.swift in Sources */,
				6CB9E36959A606E44B26C74D /* ColorTheme.swift in Sources */,
				FD97E8EE76B1EBBCDB9B111C /* CompanionPass.swift in Sources */,
				0D577371AAE11AE28EB280AA /* CreditPull.swift in Sources */,
				A687E29B38B4AED7C924FCCF /* CreditPullsView.swift in Sources */,
				08223BF4C8AB050A17658B2D /* DashboardView.swift in Sources */,
				9F1D17617A9AE5DF63D86DD8 /* DataStore.swift in Sources */,
				8DA60A627F3F24A7730838C9 /* DowngradePaths.swift in Sources */,
				3274249ED2B84048C90751FD /* FeesView.swift in Sources */,
				7ECB7BEF642140F15440405D /* Formatters.swift in Sources */,
				2A7B79135D723DD749280DAA /* ImportView.swift in Sources */,
				1C4B42C3DCE41777BED3061B /* IssuerRules.swift in Sources */,
				2F4FD766C4B1D879D7F36C86 /* IssuerRulesView.swift in Sources */,
				6270600FB13F5017880F9C83 /* KeychainService.swift in Sources */,
				1B4020A6A52E69628215CFB4 /* MainTabView.swift in Sources */,
				4DC7F425C054596DEF9386C8 /* PayoffView.swift in Sources */,
				EB9156AB999BB60B8ABF60F1 /* PointsView.swift in Sources */,
				F75ED180D51F1790E212033D /* PopularCards.swift in Sources */,
				466F606F4ABC71EC4952A893 /* SettingsView.swift in Sources */,
				AA5035F2FE56ABD781728251 /* StrategyView.swift in Sources */,
			);
			runOnlyForDeploymentPostprocessing = 0;
		};
/* End PBXSourcesBuildPhase section */

/* Begin XCBuildConfiguration section */
		00CBDD2CAB7E41A446FD7EE1 /* Release */ = {
			isa = XCBuildConfiguration;
			buildSettings = {
				ASSETCATALOG_COMPILER_APPICON_NAME = AppIcon;
				ASSETCATALOG_COMPILER_GLOBAL_ACCENT_COLOR_NAME = AccentColor;
				CODE_SIGN_ENTITLEMENTS = CardFlow/CardFlow.entitlements;
				CODE_SIGN_IDENTITY = "iPhone Developer";
				ENABLE_PREVIEWS = YES;
				INFOPLIST_FILE = CardFlow/Info.plist;
				LD_RUNPATH_SEARCH_PATHS = (
					"$(inherited)",
					"@executable_path/Frameworks",
				);
				PRODUCT_BUNDLE_IDENTIFIER = com.cardflow.app;
				SDKROOT = iphoneos;
				SWIFT_EMIT_LOC_STRINGS = YES;
				TARGETED_DEVICE_FAMILY = "1,2";
			};
			name = Release;
		};
		69753507C8829FD04AE73739 /* Release */ = {
			isa = XCBuildConfiguration;
			buildSettings = {
				ALWAYS_SEARCH_USER_PATHS = NO;
				CLANG_ANALYZER_NONNULL = YES;
				CLANG_ANALYZER_NUMBER_OBJECT_CONVERSION = YES_AGGRESSIVE;
				CLANG_CXX_LANGUAGE_STANDARD = "gnu++14";
				CLANG_CXX_LIBRARY = "libc++";
				CLANG_ENABLE_MODULES = YES;
				CLANG_ENABLE_OBJC_ARC = YES;
				CLANG_ENABLE_OBJC_WEAK = YES;
				CLANG_WARN_BLOCK_CAPTURE_AUTORELEASING = YES;
				CLANG_WARN_BOOL_CONVERSION = YES;
				CLANG_WARN_COMMA = YES;
				CLANG_WARN_CONSTANT_CONVERSION = YES;
				CLANG_WARN_DEPRECATED_OBJC_IMPLEMENTATIONS = YES;
				CLANG_WARN_DIRECT_OBJC_ISA_USAGE = YES_ERROR;
				CLANG_WARN_DOCUMENTATION_COMMENTS = YES;
				CLANG_WARN_EMPTY_BODY = YES;
				CLANG_WARN_ENUM_CONVERSION = YES;
				CLANG_WARN_INFINITE_RECURSION = YES;
				CLANG_WARN_INT_CONVERSION = YES;
				CLANG_WARN_NON_LITERAL_NULL_CONVERSION = YES;
				CLANG_WARN_OBJC_IMPLICIT_RETAIN_SELF = YES;
				CLANG_WARN_OBJC_LITERAL_CONVERSION = YES;
				CLANG_WARN_OBJC_ROOT_CLASS = YES_ERROR;
				CLANG_WARN_QUOTED_INCLUDE_IN_FRAMEWORK_HEADER = YES;
				CLANG_WARN_RANGE_LOOP_ANALYSIS = YES;
				CLANG_WARN_STRICT_PROTOTYPES = YES;
				CLANG_WARN_SUSPICIOUS_MOVE = YES;
				CLANG_WARN_UNGUARDED_AVAILABILITY = YES_AGGRESSIVE;
				CLANG_WARN_UNREACHABLE_CODE = YES;
				CLANG_WARN__DUPLICATE_METHOD_MATCH = YES;
				COPY_PHASE_STRIP = NO;
				CURRENT_PROJECT_VERSION = 1;
				DEBUG_INFORMATION_FORMAT = "dwarf-with-dsym";
				DEVELOPMENT_TEAM = JLV37S2CYD;
				ENABLE_NS_ASSERTIONS = NO;
				ENABLE_STRICT_OBJC_MSGSEND = YES;
				GCC_C_LANGUAGE_STANDARD = gnu11;
				GCC_NO_COMMON_BLOCKS = YES;
				GCC_WARN_64_TO_32_BIT_CONVERSION = YES;
				GCC_WARN_ABOUT_RETURN_TYPE = YES_ERROR;
				GCC_WARN_UNDECLARED_SELECTOR = YES;
				GCC_WARN_UNINITIALIZED_AUTOS = YES_AGGRESSIVE;
				GCC_WARN_UNUSED_FUNCTION = YES;
				GCC_WARN_UNUSED_VARIABLE = YES;
				IPHONEOS_DEPLOYMENT_TARGET = 17.0;
				MARKETING_VERSION = 1.0.0;
				MTL_ENABLE_DEBUG_INFO = NO;
				MTL_FAST_MATH = YES;
				PRODUCT_NAME = "$(TARGET_NAME)";
				SDKROOT = iphoneos;
				SWIFT_COMPILATION_MODE = wholemodule;
				SWIFT_OPTIMIZATION_LEVEL = "-O";
				SWIFT_VERSION = 5.9;
			};
			name = Release;
		};
		B4D2EA5338F934E4BD11385C /* Debug */ = {
			isa = XCBuildConfiguration;
			buildSettings = {
				ALWAYS_SEARCH_USER_PATHS = NO;
				CLANG_ANALYZER_NONNULL = YES;
				CLANG_ANALYZER_NUMBER_OBJECT_CONVERSION = YES_AGGRESSIVE;
				CLANG_CXX_LANGUAGE_STANDARD = "gnu++14";
				CLANG_CXX_LIBRARY = "libc++";
				CLANG_ENABLE_MODULES = YES;
				CLANG_ENABLE_OBJC_ARC = YES;
				CLANG_ENABLE_OBJC_WEAK = YES;
				CLANG_WARN_BLOCK_CAPTURE_AUTORELEASING = YES;
				CLANG_WARN_BOOL_CONVERSION = YES;
				CLANG_WARN_COMMA = YES;
				CLANG_WARN_CONSTANT_CONVERSION = YES;
				CLANG_WARN_DEPRECATED_OBJC_IMPLEMENTATIONS = YES;
				CLANG_WARN_DIRECT_OBJC_ISA_USAGE = YES_ERROR;
				CLANG_WARN_DOCUMENTATION_COMMENTS = YES;
				CLANG_WARN_EMPTY_BODY = YES;
				CLANG_WARN_ENUM_CONVERSION = YES;
				CLANG_WARN_INFINITE_RECURSION = YES;
				CLANG_WARN_INT_CONVERSION = YES;
				CLANG_WARN_NON_LITERAL_NULL_CONVERSION = YES;
				CLANG_WARN_OBJC_IMPLICIT_RETAIN_SELF = YES;
				CLANG_WARN_OBJC_LITERAL_CONVERSION = YES;
				CLANG_WARN_OBJC_ROOT_CLASS = YES_ERROR;
				CLANG_WARN_QUOTED_INCLUDE_IN_FRAMEWORK_HEADER = YES;
				CLANG_WARN_RANGE_LOOP_ANALYSIS = YES;
				CLANG_WARN_STRICT_PROTOTYPES = YES;
				CLANG_WARN_SUSPICIOUS_MOVE = YES;
				CLANG_WARN_UNGUARDED_AVAILABILITY = YES_AGGRESSIVE;
				CLANG_WARN_UNREACHABLE_CODE = YES;
				CLANG_WARN__DUPLICATE_METHOD_MATCH = YES;
				COPY_PHASE_STRIP = NO;
				CURRENT_PROJECT_VERSION = 1;
				DEBUG_INFORMATION_FORMAT = dwarf;
				DEVELOPMENT_TEAM = JLV37S2CYD;
				ENABLE_STRICT_OBJC_MSGSEND = YES;
				ENABLE_TESTABILITY = YES;
				GCC_C_LANGUAGE_STANDARD = gnu11;
				GCC_DYNAMIC_NO_PIC = NO;
				GCC_NO_COMMON_BLOCKS = YES;
				GCC_OPTIMIZATION_LEVEL = 0;
				GCC_PREPROCESSOR_DEFINITIONS = (
					"$(inherited)",
					"DEBUG=1",
				);
				GCC_WARN_64_TO_32_BIT_CONVERSION = YES;
				GCC_WARN_ABOUT_RETURN_TYPE = YES_ERROR;
				GCC_WARN_UNDECLARED_SELECTOR = YES;
				GCC_WARN_UNINITIALIZED_AUTOS = YES_AGGRESSIVE;
				GCC_WARN_UNUSED_FUNCTION = YES;
				GCC_WARN_UNUSED_VARIABLE = YES;
				IPHONEOS_DEPLOYMENT_TARGET = 17.0;
				MARKETING_VERSION = 1.0.0;
				MTL_ENABLE_DEBUG_INFO = INCLUDE_SOURCE;
				MTL_FAST_MATH = YES;
				ONLY_ACTIVE_ARCH = YES;
				PRODUCT_NAME = "$(TARGET_NAME)";
				SDKROOT = iphoneos;
				SWIFT_ACTIVE_COMPILATION_CONDITIONS = DEBUG;
				SWIFT_OPTIMIZATION_LEVEL = "-Onone";
				SWIFT_VERSION = 5.9;
			};
			name = Debug;
		};
		C3CC200DAFFA2AE4E3924028 /* Debug */ = {
			isa = XCBuildConfiguration;
			buildSettings = {
				ASSETCATALOG_COMPILER_APPICON_NAME = AppIcon;
				ASSETCATALOG_COMPILER_GLOBAL_ACCENT_COLOR_NAME = AccentColor;
				CODE_SIGN_ENTITLEMENTS = CardFlow/CardFlow.entitlements;
				CODE_SIGN_IDENTITY = "iPhone Developer";
				ENABLE_PREVIEWS = YES;
				INFOPLIST_FILE = CardFlow/Info.plist;
				LD_RUNPATH_SEARCH_PATHS = (
					"$(inherited)",
					"@executable_path/Frameworks",
				);
				PRODUCT_BUNDLE_IDENTIFIER = com.cardflow.app;
				SDKROOT = iphoneos;
				SWIFT_EMIT_LOC_STRINGS = YES;
				TARGETED_DEVICE_FAMILY = "1,2";
			};
			name = Debug;
		};
/* End XCBuildConfiguration section */

/* Begin XCConfigurationList section */
		0798B12B754BD32B0A9A07E9 /* Build configuration list for PBXNativeTarget "CardFlow" */ = {
			isa = XCConfigurationList;
			buildConfigurations = (
				C3CC200DAFFA2AE4E3924028 /* Debug */,
				00CBDD2CAB7E41A446FD7EE1 /* Release */,
			);
			defaultConfigurationIsVisible = 0;
			defaultConfigurationName = Debug;
		};
		AFC8F2BA18CEE7AE5D5B7EC5 /* Build configuration list for PBXProject "CardFlow" */ = {
			isa = XCConfigurationList;
			buildConfigurations = (
				B4D2EA5338F934E4BD11385C /* Debug */,
				69753507C8829FD04AE73739 /* Release */,
			);
			defaultConfigurationIsVisible = 0;
			defaultConfigurationName = Debug;
		};
/* End XCConfigurationList section */
	};
	rootObject = 52EB0088681D87E8DA623D0B /* Project object */;
}
